
Microsoft Visual Studio Solution File, Format Version 12.00
# Visual Studio Version 17
VisualStudioVersion = 17.13.35919.96 d17.13
MinimumVisualStudioVersion = 10.0.40219.1
Project("{FAE04EC0-301F-11D3-BF4B-00C04F79EFBC}") = "Program", "Program\Program.csproj", "{BA7FEB0D-83DE-4BE5-9B15-2B2A556306A8}"
EndProject
Global
	GlobalSection(SolutionConfigurationPlatforms) = preSolution
		Debug|Any CPU = Debug|Any CPU
		Release|Any CPU = Release|Any CPU
	EndGlobalSection
	GlobalSection(ProjectConfigurationPlatforms) = postSolution
		{BA7FEB0D-83DE-4BE5-9B15-2B2A556306A8}.Debug|Any CPU.ActiveCfg = Debug|Any CPU
		{BA7FEB0D-83DE-4BE5-9B15-2B2A556306A8}.Debug|Any CPU.Build.0 = Debug|Any CPU
		{BA7FEB0D-83DE-4BE5-9B15-2B2A556306A8}.Release|Any CPU.ActiveCfg = Release|Any CPU
		{BA7FEB0D-83DE-4BE5-9B15-2B2A556306A8}.Release|Any CPU.Build.0 = Release|Any CPU
	EndGlobalSection
	GlobalSection(SolutionProperties) = preSolution
		HideSolutionNode = FALSE
	EndGlobalSection
	GlobalSection(ExtensibilityGlobals) = postSolution
		SolutionGuid = {3D715C2B-DFB0-4ACD-AEAA-B7C03FB4F9E6}
	EndGlobalSection
EndGlobal
