
Microsoft Visual Studio Solution File, Format Version 12.00
# Visual Studio Version 17
VisualStudioVersion = 17.13.35919.96 d17.13
MinimumVisualStudioVersion = 10.0.40219.1
Project("{FAE04EC0-301F-11D3-BF4B-00C04F79EFBC}") = "SimpleObjectOrientedProgramming", "SimpleObjectOrientedProgramming\SimpleObjectOrientedProgramming.csproj", "{D2BBEE2A-6EAF-4875-BFB3-11FED1F798ED}"
EndProject
Global
	GlobalSection(SolutionConfigurationPlatforms) = preSolution
		Debug|Any CPU = Debug|Any CPU
		Release|Any CPU = Release|Any CPU
	EndGlobalSection
	GlobalSection(ProjectConfigurationPlatforms) = postSolution
		{D2BBEE2A-6EAF-4875-BFB3-11FED1F798ED}.Debug|Any CPU.ActiveCfg = Debug|Any CPU
		{D2BBEE2A-6EAF-4875-BFB3-11FED1F798ED}.Debug|Any CPU.Build.0 = Debug|Any CPU
		{D2BBEE2A-6EAF-4875-BFB3-11FED1F798ED}.Release|Any CPU.ActiveCfg = Release|Any CPU
		{D2BBEE2A-6EAF-4875-BFB3-11FED1F798ED}.Release|Any CPU.Build.0 = Release|Any CPU
	EndGlobalSection
	GlobalSection(SolutionProperties) = preSolution
		HideSolutionNode = FALSE
	EndGlobalSection
	GlobalSection(ExtensibilityGlobals) = postSolution
		SolutionGuid = {E2C5CD4E-A5B6-44A2-9415-40ABD894F32F}
	EndGlobalSection
EndGlobal
